{
  "nodes": {
    "cloudflared": {
      "inputs": {
        "nixpkgs": [
          "nixpkgs"
        ]
      },
      "locked": {
        "lastModified": 1671053257,
        "narHash": "sha256-vg6SugI3MWMoy7QTiYmIoP5bJTFk7gdCuPWMfWmC/BM=",
        "owner": "piperswe",
        "repo": "nix-cloudflared",
        "rev": "57143fb7977892b28f032a2b850eacca4a173fd8",
        "type": "github"
      },
      "original": {
        "owner": "piperswe",
        "repo": "nix-cloudflared",
        "type": "github"
      }
    },
    "deploy-rs": {
      "inputs": {
        "flake-compat": "flake-compat",
        "nixpkgs": [
          "nixpkgs"
        ],
        "utils": "utils"
      },
      "locked": {
        "lastModified": 1695052866,
        "narHash": "sha256-agn7F9Oww4oU6nPiw+YiYI9Xb4vOOE73w8PAoBRP4AA=",
        "owner": "serokell",
        "repo": "deploy-rs",
        "rev": "e3f41832680801d0ee9e2ed33eb63af398b090e9",
        "type": "github"
      },
      "original": {
        "owner": "serokell",
        "repo": "deploy-rs",
        "type": "github"
      }
    },
    "flake-compat": {
      "flake": false,
      "locked": {
        "lastModified": 1668681692,
        "narHash": "sha256-Ht91NGdewz8IQLtWZ9LCeNXMSXHUss+9COoqu6JLmXU=",
        "owner": "edolstra",
        "repo": "flake-compat",
        "rev": "009399224d5e398d03b22badca40a37ac85412a1",
        "type": "github"
      },
      "original": {
        "owner": "edolstra",
        "repo": "flake-compat",
        "type": "github"
      }
    },
    "nixpkgs": {
      "locked": {
        "lastModified": 1697059129,
        "narHash": "sha256-9NJcFF9CEYPvHJ5ckE8kvINvI84SZZ87PvqMbH6pro0=",
        "owner": "nixos",
        "repo": "nixpkgs",
        "rev": "5e4c2ada4fcd54b99d56d7bd62f384511a7e2593",
        "type": "github"
      },
      "original": {
        "owner": "nixos",
        "ref": "nixos-unstable",
        "repo": "nixpkgs",
        "type": "github"
      }
    },
    "nixpkgs-stable": {
      "locked": {
        "lastModified": 1697332183,
        "narHash": "sha256-ACYvYsgLETfEI2xM1jjp8ZLVNGGC0onoCGe+69VJGGE=",
        "owner": "NixOS",
        "repo": "nixpkgs",
        "rev": "0e1cff585c1a85aeab059d3109f66134a8f76935",
        "type": "github"
      },
      "original": {
        "owner": "NixOS",
        "ref": "release-23.05",
        "repo": "nixpkgs",
        "type": "github"
      }
    },
    "root": {
      "inputs": {
        "cloudflared": "cloudflared",
        "deploy-rs": "deploy-rs",
        "nixpkgs": "nixpkgs",
        "sops-nix": "sops-nix"
      }
    },
    "sops-nix": {
      "inputs": {
        "nixpkgs": [
          "nixpkgs"
        ],
        "nixpkgs-stable": "nixpkgs-stable"
      },
      "locked": {
        "lastModified": 1697339241,
        "narHash": "sha256-ITsFtEtRbCBeEH9XrES1dxZBkE1fyNNUfIyQjQ2AYQs=",
        "owner": "Mic92",
        "repo": "sops-nix",
        "rev": "51186b8012068c417dac7c31fb12861726577898",
        "type": "github"
      },
      "original": {
        "owner": "Mic92",
        "repo": "sops-nix",
        "type": "github"
      }
    },
    "utils": {
      "locked": {
        "lastModified": 1667395993,
        "narHash": "sha256-nuEHfE/LcWyuSWnS8t12N1wc105Qtau+/OdUAjtQ0rA=",
        "owner": "numtide",
        "repo": "flake-utils",
        "rev": "5aed5285a952e0b949eb3ba02c12fa4fcfef535f",
        "type": "github"
      },
      "original": {
        "owner": "numtide",
        "repo": "flake-utils",
        "type": "github"
      }
    }
  },
  "root": "root",
  "version": 7
}
